{
  "version": 1,
  "dependencies": {
    "net9.0": {
      "Markdig": {
        "type": "Direct",
        "requested": "[0.41.3, )",
        "resolved": "0.41.3",
        "contentHash": "i3vSTyGpBGWbJB04aJ3cPJs0T3BV2e1nduW3EUHK/i+xUupYbym75iZPss/XjqhS5JlBErwQYnx7ofK3Zcsozg=="
      },
      "Microsoft.Extensions.FileProviders.Embedded": {
        "type": "Direct",
        "requested": "[9.0.8, )",
        "resolved": "9.0.8",
        "contentHash": "LVm1o08C5eSB+WvhOEtp/cm/I3s7bCoYisTBYKgR3KEfHXkKfvkLPXfg4CNHYkxPqZ4T/XuGENDLtbhDywGFHA==",
        "dependencies": {
          "Microsoft.Extensions.FileProviders.Abstractions": "9.0.8"
        }
      },
      "Serilog.AspNetCore": {
        "type": "Direct",
        "requested": "[9.0.0, )",
        "resolved": "9.0.0",
        "contentHash": "JslDajPlBsn3Pww1554flJFTqROvK9zz9jONNQgn0D8Lx2Trw8L0A8/n6zEQK1DAZWXrJwiVLw8cnTR3YFuYsg==",
        "dependencies": {
          "Serilog": "4.2.0",
          "Serilog.Extensions.Hosting": "9.0.0",
          "Serilog.Formatting.Compact": "3.0.0",
          "Serilog.Settings.Configuration": "9.0.0",
          "Serilog.Sinks.Console": "6.0.0",
          "Serilog.Sinks.Debug": "3.0.0",
          "Serilog.Sinks.File": "6.0.0"
        }
      },
      "Tailwind.MSBuild": {
        "type": "Direct",
        "requested": "[1.1.0, )",
        "resolved": "1.1.0",
        "contentHash": "Yhu5buCOYKMDfxQ76E6Chv8/al6J0n56kAdJzr3UTGg4rLWMv5Gr8UN2cLAqGZMFEpAw26dyc8w5/N/7WpEOKQ=="
      },
      "Azure.AI.OpenAI": {
        "type": "Transitive",
        "resolved": "2.2.0-beta.4",
        "contentHash": "qjCgspdq67x+urifvf7Dkz4tX5HVU3AlF2XUYU/kQBObKQihPsTYSQJ4tiMHEMNjaKRbfHzxnE2vnuhcqUUWCg==",
        "dependencies": {
          "Azure.Core": "1.44.1",
          "OpenAI": "2.2.0-beta.4",
          "System.ClientModel": "1.4.0-beta.1"
        }
      },
      "Azure.Core": {
        "type": "Transitive",
        "resolved": "1.44.1",
        "contentHash": "YyznXLQZCregzHvioip07/BkzjuWNXogJEVz9T5W6TwjNr17ax41YGzYMptlo2G10oLCuVPoyva62y0SIRDixg==",
        "dependencies": {
          "Microsoft.Bcl.AsyncInterfaces": "6.0.0",
          "System.ClientModel": "1.1.0",
          "System.Diagnostics.DiagnosticSource": "6.0.1",
          "System.Memory.Data": "6.0.0",
          "System.Numerics.Vectors": "4.5.0",
          "System.Text.Encodings.Web": "6.0.0",
          "System.Text.Json": "6.0.10",
          "System.Threading.Tasks.Extensions": "4.5.4"
        }
      },
      "Microsoft.Bcl.AsyncInterfaces": {
        "type": "Transitive",
        "resolved": "9.0.0",
        "contentHash": "owmu2Cr3IQ8yQiBleBHlGk8dSQ12oaF2e7TpzwJKEl4m84kkZJjEY1n33L67Y3zM5jPOjmmbdHjbfiL0RqcMRQ=="
      },
      "Microsoft.Bcl.HashCode": {
        "type": "Transitive",
        "resolved": "1.1.1",
        "contentHash": "MalY0Y/uM/LjXtHfX/26l2VtN4LDNZ2OE3aumNOHDLsT4fNYy2hiHXI4CXCqKpNUNm7iJ2brrc4J89UdaL56FA=="
      },
      "Microsoft.Extensions.AI": {
        "type": "Transitive",
        "resolved": "9.5.0",
        "contentHash": "RBq/TspXI7UScO5+fHXIrnlDvX8pnvFcHWag3OPPivJgjqmI/RF70dpTPmMIly9dG+z+86kLP2KGkA2UiZ9tVQ==",
        "dependencies": {
          "Microsoft.Extensions.AI.Abstractions": "9.5.0",
          "Microsoft.Extensions.Caching.Abstractions": "9.0.5",
          "Microsoft.Extensions.DependencyInjection.Abstractions": "9.0.5",
          "Microsoft.Extensions.Logging.Abstractions": "9.0.5",
          "System.Diagnostics.DiagnosticSource": "9.0.5",
          "System.Text.Json": "9.0.5",
          "System.Threading.Channels": "9.0.5"
        }
      },
      "Microsoft.Extensions.AI.Abstractions": {
        "type": "Transitive",
        "resolved": "9.5.0",
        "contentHash": "Y46j1S4zOPtLAHCUzhHIm1IhCMr7764754bLYupyc1JZcvLNXjUk+VC7H3Bou20S2hHgDJnfox7X/H/3BYEvzA=="
      },
      "Microsoft.Extensions.AI.OpenAI": {
        "type": "Transitive",
        "resolved": "9.5.0-preview.1.25265.7",
        "contentHash": "htxD19JfZekY2vJSoMJn6lkBlZLcgMm7iK0MZc8pmuVT7FfNP7o+mTS4S0ZUDdBm1YR7NzZfYYjbwFOK/Z1gKg==",
        "dependencies": {
          "Microsoft.Extensions.AI.Abstractions": "9.5.0",
          "OpenAI": "2.2.0-beta.4",
          "System.Memory.Data": "9.0.5",
          "System.Text.Json": "9.0.5"
        }
      },
      "Microsoft.Extensions.Caching.Abstractions": {
        "type": "Transitive",
        "resolved": "9.0.5",
        "contentHash": "RV6wOTvH5BeVRs6cvxFuaV1ut05Dklpvq19XRO1JxAayfLWYIEP7K94aamY0iSUhoehWk1X5H6gMcbZkHuBjew==",
        "dependencies": {
          "Microsoft.Extensions.Primitives": "9.0.5"
        }
      },
      "Microsoft.Extensions.Configuration": {
        "type": "Transitive",
        "resolved": "9.0.6",
        "contentHash": "VWB5jdkxHsRiuoniTqwOL32R4OWyp5If/bAucLjRJczRVNcwb8iCXKLjn3Inv8fv+jHMVMnvQLg7xhSys+y5PA==",
        "dependencies": {
          "Microsoft.Extensions.Configuration.Abstractions": "9.0.6",
          "Microsoft.Extensions.Primitives": "9.0.6"
        }
      },
      "Microsoft.Extensions.Configuration.Abstractions": {
        "type": "Transitive",
        "resolved": "9.0.6",
        "contentHash": "3GgMIi2jP8g1fBW93Z9b9Unamc0SIsgyhiCmC91gq4loTixK9vQMuxxUsfJ1kRGwn+/FqLKwOHqmn0oYWn3Fvw==",
        "dependencies": {
          "Microsoft.Extensions.Primitives": "9.0.6"
        }
      },
      "Microsoft.Extensions.Configuration.Binder": {
        "type": "Transitive",
        "resolved": "9.0.6",
        "contentHash": "Opl/7SIrwDy9WjHn/vU2thQ8CUtrIWHLr+89I7/0VYNEJQvpL24zvqYrh83cH38RzNKHji0WGVkCVP6HJChVVw==",
        "dependencies": {
          "Microsoft.Extensions.Configuration.Abstractions": "9.0.6"
        }
      },
      "Microsoft.Extensions.DependencyInjection": {
        "type": "Transitive",
        "resolved": "9.0.6",
        "contentHash": "vS65HMo5RS10DD543fknsyVDxihMcVxVn3/hNaILgBxWYnOLxWIeCIO9X0QFuCvPRNjClvXe9Aj8KaQNx7vFkQ==",
        "dependencies": {
          "Microsoft.Extensions.DependencyInjection.Abstractions": "9.0.6"
        }
      },
      "Microsoft.Extensions.DependencyInjection.Abstractions": {
        "type": "Transitive",
        "resolved": "9.0.6",
        "contentHash": "0Zn6nR/6g+90MxskZyOOMPQvnPnrrGu6bytPwkV+azDcTtCSuQ1+GJUrg8Klmnrjk1i6zMpw2lXijl+tw7Q3kA=="
      },
      "Microsoft.Extensions.DependencyModel": {
        "type": "Transitive",
        "resolved": "9.0.0",
        "contentHash": "saxr2XzwgDU77LaQfYFXmddEDRUKHF4DaGMZkNB3qjdVSZlax3//dGJagJkKrGMIPNZs2jVFXITyCCR6UHJNdA=="
      },
      "Microsoft.Extensions.Diagnostics": {
        "type": "Transitive",
        "resolved": "9.0.6",
        "contentHash": "mIqCzZseDK9SqTRy4LxtjLwjlUu6aH5UdA6j0vgVER14yki9oRqLF+SmBiF6OlwsBSeL6dMQ8dmq02JMeE2puQ==",
        "dependencies": {
          "Microsoft.Extensions.Configuration": "9.0.6",
          "Microsoft.Extensions.Diagnostics.Abstractions": "9.0.6",
          "Microsoft.Extensions.Options.ConfigurationExtensions": "9.0.6"
        }
      },
      "Microsoft.Extensions.Diagnostics.Abstractions": {
        "type": "Transitive",
        "resolved": "9.0.6",
        "contentHash": "GIoXX7VDcTEsNM6yvffTBaOwnPQELGI5dzExR7L2O7AUkDsHBYIZawUbuwfq3cYzz8dIAAJotQYJMzH7qy27Ng==",
        "dependencies": {
          "Microsoft.Extensions.DependencyInjection.Abstractions": "9.0.6",
          "Microsoft.Extensions.Options": "9.0.6"
        }
      },
      "Microsoft.Extensions.FileProviders.Abstractions": {
        "type": "Transitive",
        "resolved": "9.0.8",
        "contentHash": "4zZbQ4w+hCMm9J+z5NOj3giIPT2MhZxx05HX/MGuAmDBbjOuXlYIIRN+t4V6OLxy5nXZIcXO+dQMB/OWubuDkw==",
        "dependencies": {
          "Microsoft.Extensions.Primitives": "9.0.8"
        }
      },
      "Microsoft.Extensions.Hosting.Abstractions": {
        "type": "Transitive",
        "resolved": "9.0.0",
        "contentHash": "yUKJgu81ExjvqbNWqZKshBbLntZMbMVz/P7Way2SBx7bMqA08Mfdc9O7hWDKAiSp+zPUGT6LKcSCQIPeDK+CCw==",
        "dependencies": {
          "Microsoft.Extensions.Configuration.Abstractions": "9.0.0",
          "Microsoft.Extensions.DependencyInjection.Abstractions": "9.0.0",
          "Microsoft.Extensions.Diagnostics.Abstractions": "9.0.0",
          "Microsoft.Extensions.FileProviders.Abstractions": "9.0.0",
          "Microsoft.Extensions.Logging.Abstractions": "9.0.0"
        }
      },
      "Microsoft.Extensions.Http": {
        "type": "Transitive",
        "resolved": "9.0.6",
        "contentHash": "YoCEkjHHeeKsOzaJaGKuwsi1Ijckkm/+bv5RXmsKA0/qW4veY0eh5lVtkOXxkqQbVRuK3sObhxRM0UeuF6yAgA==",
        "dependencies": {
          "Microsoft.Extensions.Configuration.Abstractions": "9.0.6",
          "Microsoft.Extensions.DependencyInjection.Abstractions": "9.0.6",
          "Microsoft.Extensions.Diagnostics": "9.0.6",
          "Microsoft.Extensions.Logging": "9.0.6",
          "Microsoft.Extensions.Logging.Abstractions": "9.0.6",
          "Microsoft.Extensions.Options": "9.0.6"
        }
      },
      "Microsoft.Extensions.Logging": {
        "type": "Transitive",
        "resolved": "9.0.6",
        "contentHash": "XBzjitTFaQhF8EbJ645vblZezV1p52ePTxKHoVkRidHF11Xkjxg94qr0Rvp2qyxK2vBJ4OIZ41NB15YUyxTGMQ==",
        "dependencies": {
          "Microsoft.Extensions.DependencyInjection": "9.0.6",
          "Microsoft.Extensions.Logging.Abstractions": "9.0.6",
          "Microsoft.Extensions.Options": "9.0.6"
        }
      },
      "Microsoft.Extensions.Logging.Abstractions": {
        "type": "Transitive",
        "resolved": "9.0.6",
        "contentHash": "LFnyBNK7WtFmKdnHu3v0HOYQ8BcjYuy0jdC9pgCJ/rbLKoJEG9/dBzSKMEeeWDbDeoWS0TIxOC8a9CM5ufca3A==",
        "dependencies": {
          "Microsoft.Extensions.DependencyInjection.Abstractions": "9.0.6"
        }
      },
      "Microsoft.Extensions.Options": {
        "type": "Transitive",
        "resolved": "9.0.6",
        "contentHash": "wUPhNM1zsI58Dy10xRdF2+pnsisiUuETg5ZBncyAEEUm/CQ9Q1vmivyUWH8RDbAlqyixf2dJNQ2XZb7HsKUEQw==",
        "dependencies": {
          "Microsoft.Extensions.DependencyInjection.Abstractions": "9.0.6",
          "Microsoft.Extensions.Primitives": "9.0.6"
        }
      },
      "Microsoft.Extensions.Options.ConfigurationExtensions": {
        "type": "Transitive",
        "resolved": "9.0.6",
        "contentHash": "2lnp8nrvfzyp+5zvfeULm/hkZsDsKkl2ziBt5T8EZKoON5q+XRpRLoWcSPo8mP7GNZXpxKMBVjFNIZNbBIcnRw==",
        "dependencies": {
          "Microsoft.Extensions.Configuration.Abstractions": "9.0.6",
          "Microsoft.Extensions.Configuration.Binder": "9.0.6",
          "Microsoft.Extensions.DependencyInjection.Abstractions": "9.0.6",
          "Microsoft.Extensions.Options": "9.0.6",
          "Microsoft.Extensions.Primitives": "9.0.6"
        }
      },
      "Microsoft.Extensions.Primitives": {
        "type": "Transitive",
        "resolved": "9.0.8",
        "contentHash": "tizSIOEsIgSNSSh+hKeUVPK7xmTIjR8s+mJWOu1KXV3htvNQiPMFRMO17OdI1y/4ZApdBVk49u/08QGC9yvLug=="
      },
      "Microsoft.Extensions.VectorData.Abstractions": {
        "type": "Transitive",
        "resolved": "9.6.0",
        "contentHash": "7ZtvjmaTCwkOYZmNU7pQON8v6wfo8HlMkOQeONMhChivSm/etcb0ZPQOnQAkQwR6WeYx4sOHxyiDMii5our5+w==",
        "dependencies": {
          "Microsoft.Extensions.AI.Abstractions": "9.5.0"
        }
      },
      "Microsoft.Net.Compilers.Toolset": {
        "type": "Transitive",
        "resolved": "4.12.0",
        "contentHash": "xXDdIgDfcbMr+2bLzVJHg+/oCHwcYs808TlooX0M9+BVCeHITaROsjdbWSJNdyzeMe/K8iB2NeHmaAOUcqkKWw=="
      },
      "Microsoft.SemanticKernel": {
        "type": "Transitive",
        "resolved": "1.58.0",
        "contentHash": "T7Ft9LzpUKo2PFM7w2cSyjZ653MIYjKl0I6bG5ZYzmmrbV7wD+Dj4+7qd9PhoV+uMHlWNC8znGFxidzkH2MSOg==",
        "dependencies": {
          "Microsoft.SemanticKernel.Connectors.AzureOpenAI": "1.58.0",
          "Microsoft.SemanticKernel.Core": "1.58.0"
        }
      },
      "Microsoft.SemanticKernel.Abstractions": {
        "type": "Transitive",
        "resolved": "1.58.0",
        "contentHash": "Ovl9QxmFaWeWS1BO5gei1CfpNM8dC+l+RyCpGARz2AsuRutwcAZ6IvM01YVq1IfXu5r4suEiB8NTRU9ciza7YA==",
        "dependencies": {
          "Microsoft.Bcl.HashCode": "1.1.1",
          "Microsoft.Extensions.AI": "9.5.0",
          "Microsoft.Extensions.VectorData.Abstractions": "9.6.0"
        }
      },
      "Microsoft.SemanticKernel.Connectors.AzureOpenAI": {
        "type": "Transitive",
        "resolved": "1.58.0",
        "contentHash": "8imta+nytAx9hDJqivt6Iu40+8TGZ+05bqQNkFrUjoHPV4Fu7lexMqhIZWNWp27fGKtm8aDFxJvhbHb9nzxbYA==",
        "dependencies": {
          "Azure.AI.OpenAI": "[2.2.0-beta.4]",
          "Microsoft.SemanticKernel.Connectors.OpenAI": "1.58.0",
          "Microsoft.SemanticKernel.Core": "1.58.0"
        }
      },
      "Microsoft.SemanticKernel.Connectors.Ollama": {
        "type": "Transitive",
        "resolved": "1.57.0-alpha",
        "contentHash": "4WuIOJyt2nA4UC1zT53/8r5KFDT43h27vVoeyqF1xbc/3AtCa8NRKLznZwPWSCXy/xc3qVdSVWidkBn4UvvVDQ==",
        "dependencies": {
          "Microsoft.Net.Compilers.Toolset": "4.12.0",
          "Microsoft.SemanticKernel.Abstractions": "1.57.0",
          "Microsoft.SemanticKernel.Core": "1.57.0",
          "OllamaSharp": "5.1.12"
        }
      },
      "Microsoft.SemanticKernel.Connectors.OpenAI": {
        "type": "Transitive",
        "resolved": "1.58.0",
        "contentHash": "0hH0H9YwnNYUm3kYjBp8IGPVTWIzuP/ivxXG51eDR1kJgEKd2Xxvl7l2gm4jyP3wFuszgD9FeK/xRIX569JtZQ==",
        "dependencies": {
          "Microsoft.Extensions.AI.OpenAI": "9.5.0-preview.1.25265.7",
          "Microsoft.SemanticKernel.Core": "1.58.0",
          "OpenAI": "[2.2.0-beta.4]"
        }
      },
      "Microsoft.SemanticKernel.Core": {
        "type": "Transitive",
        "resolved": "1.58.0",
        "contentHash": "sIhJeVSocqMADHJ4IjyTWCHdHJbOn36yKJoV7wxsqq77ommxqLc0HB5rBKiOdIs0iJsV6suAQSmcBW7HyhGcEg==",
        "dependencies": {
          "Microsoft.Extensions.DependencyInjection": "8.0.1",
          "Microsoft.SemanticKernel.Abstractions": "1.58.0",
          "System.Numerics.Tensors": "9.0.0"
        }
      },
      "OllamaSharp": {
        "type": "Transitive",
        "resolved": "5.1.12",
        "contentHash": "r5uhsPYH1jfot36dr3lqpY3visSNNgsPa8p4crh/DMoWeiY0LBrJlTVoVCZXbjU6J6kzSoW8wzMumPEYqgn4gw==",
        "dependencies": {
          "Microsoft.Bcl.AsyncInterfaces": "9.0.0",
          "Microsoft.Extensions.AI.Abstractions": "9.4.0-preview.1.25207.5"
        }
      },
      "OpenAI": {
        "type": "Transitive",
        "resolved": "2.2.0-beta.4",
        "contentHash": "JZ4/mlVXLaXDIZuC4Ddu0KCAA23z4Ax1AQTS26mpJRuSShjXik7DU8a3basY3ddD51W04F7jeX5eAXamKA6rHw==",
        "dependencies": {
          "System.ClientModel": "1.2.1",
          "System.Diagnostics.DiagnosticSource": "6.0.1"
        }
      },
      "Serilog": {
        "type": "Transitive",
        "resolved": "4.2.0",
        "contentHash": "gmoWVOvKgbME8TYR+gwMf7osROiWAURterc6Rt2dQyX7wtjZYpqFiA/pY6ztjGQKKV62GGCyOcmtP1UKMHgSmA=="
      },
      "Serilog.Extensions.Hosting": {
        "type": "Transitive",
        "resolved": "9.0.0",
        "contentHash": "u2TRxuxbjvTAldQn7uaAwePkWxTHIqlgjelekBtilAGL5sYyF3+65NWctN4UrwwGLsDC7c3Vz3HnOlu+PcoxXg==",
        "dependencies": {
          "Microsoft.Extensions.DependencyInjection.Abstractions": "9.0.0",
          "Microsoft.Extensions.Hosting.Abstractions": "9.0.0",
          "Microsoft.Extensions.Logging.Abstractions": "9.0.0",
          "Serilog": "4.2.0",
          "Serilog.Extensions.Logging": "9.0.0"
        }
      },
      "Serilog.Extensions.Logging": {
        "type": "Transitive",
        "resolved": "9.0.0",
        "contentHash": "NwSSYqPJeKNzl5AuXVHpGbr6PkZJFlNa14CdIebVjK3k/76kYj/mz5kiTRNVSsSaxM8kAIa1kpy/qyT9E4npRQ==",
        "dependencies": {
          "Microsoft.Extensions.Logging": "9.0.0",
          "Serilog": "4.2.0"
        }
      },
      "Serilog.Formatting.Compact": {
        "type": "Transitive",
        "resolved": "3.0.0",
        "contentHash": "wQsv14w9cqlfB5FX2MZpNsTawckN4a8dryuNGbebB/3Nh1pXnROHZov3swtu3Nj5oNG7Ba+xdu7Et/ulAUPanQ==",
        "dependencies": {
          "Serilog": "4.0.0"
        }
      },
      "Serilog.Settings.Configuration": {
        "type": "Transitive",
        "resolved": "9.0.0",
        "contentHash": "4/Et4Cqwa+F88l5SeFeNZ4c4Z6dEAIKbu3MaQb2Zz9F/g27T5a3wvfMcmCOaAiACjfUb4A6wrlTVfyYUZk3RRQ==",
        "dependencies": {
          "Microsoft.Extensions.Configuration.Binder": "9.0.0",
          "Microsoft.Extensions.DependencyModel": "9.0.0",
          "Serilog": "4.2.0"
        }
      },
      "Serilog.Sinks.Console": {
        "type": "Transitive",
        "resolved": "6.0.0",
        "contentHash": "fQGWqVMClCP2yEyTXPIinSr5c+CBGUvBybPxjAGcf7ctDhadFhrQw03Mv8rJ07/wR5PDfFjewf2LimvXCDzpbA==",
        "dependencies": {
          "Serilog": "4.0.0"
        }
      },
      "Serilog.Sinks.Debug": {
        "type": "Transitive",
        "resolved": "3.0.0",
        "contentHash": "4BzXcdrgRX7wde9PmHuYd9U6YqycCC28hhpKonK7hx0wb19eiuRj16fPcPSVp0o/Y1ipJuNLYQ00R3q2Zs8FDA==",
        "dependencies": {
          "Serilog": "4.0.0"
        }
      },
      "Serilog.Sinks.File": {
        "type": "Transitive",
        "resolved": "6.0.0",
        "contentHash": "lxjg89Y8gJMmFxVkbZ+qDgjl+T4yC5F7WSLTvA+5q0R04tfKVLRL/EHpYoJ/MEQd2EeCKDuylBIVnAYMotmh2A==",
        "dependencies": {
          "Serilog": "4.0.0"
        }
      },
      "SixLabors.ImageSharp": {
        "type": "Transitive",
        "resolved": "3.1.11",
        "contentHash": "JfPLyigLthuE50yi6tMt7Amrenr/fA31t2CvJyhy/kQmfulIBAqo5T/YFUSRHtuYPXRSaUHygFeh6Qd933EoSw=="
      },
      "System.ClientModel": {
        "type": "Transitive",
        "resolved": "1.4.0-beta.1",
        "contentHash": "ZR0fKC94VS4P80vmxjk7l13/jPBXV0GMoE4jQfkYk8m2YV+dlw8jSC+b6eAfyBz0u+soN4CjhT3OdOC5KHaXxg==",
        "dependencies": {
          "Microsoft.Extensions.Logging.Abstractions": "6.0.0",
          "System.Memory.Data": "6.0.1"
        }
      },
      "System.Diagnostics.DiagnosticSource": {
        "type": "Transitive",
        "resolved": "9.0.5",
        "contentHash": "WoI5or8kY2VxFdDmsaRZ5yaYvvb+4MCyy66eXo79Cy1uMa7qXeGIlYmZx7R9Zy5S4xZjmqvkk2V8L6/vDwAAEA=="
      },
      "System.Memory.Data": {
        "type": "Transitive",
        "resolved": "9.0.5",
        "contentHash": "qK9dBegf3wdw2+mqeIXmTJjlMq4sn39wUN+JSagMuCmp/05ZyQLYIZsxlCopChxcgRwqu/+tHXKRaKtzHYlITw=="
      },
      "System.Numerics.Tensors": {
        "type": "Transitive",
        "resolved": "9.0.0",
        "contentHash": "hyJB4UlpAi19Xr9AXzu2NuagKC4lPfHObNMEAA0HmqFz2rX7wKgzeYzO/jM/eBHDhnUGFFEjk5cOoJaxqg5J4A=="
      },
      "System.Numerics.Vectors": {
        "type": "Transitive",
        "resolved": "4.5.0",
        "contentHash": "QQTlPTl06J/iiDbJCiepZ4H//BVraReU4O4EoRw1U02H5TLUIT7xn3GnDp9AXPSlJUDyFs4uWjWafNX6WrAojQ=="
      },
      "System.Runtime.CompilerServices.Unsafe": {
        "type": "Transitive",
        "resolved": "6.0.0",
        "contentHash": "/iUeP3tq1S0XdNNoMz5C9twLSrM/TH+qElHkXWaPvuNOt+99G75NrV0OS2EqHx5wMN7popYjpc8oTjC1y16DLg=="
      },
      "System.Text.Encodings.Web": {
        "type": "Transitive",
        "resolved": "6.0.0",
        "contentHash": "Vg8eB5Tawm1IFqj4TVK1czJX89rhFxJo9ELqc/Eiq0eXy13RK00eubyU6TJE6y+GQXjyV5gSfiewDUZjQgSE0w==",
        "dependencies": {
          "System.Runtime.CompilerServices.Unsafe": "6.0.0"
        }
      },
      "System.Text.Json": {
        "type": "Transitive",
        "resolved": "9.0.5",
        "contentHash": "rnP61ZfloTgPQPe7ecr36loNiGX3g1PocxlKHdY/FUpDSsExKkTxpMAlB4X35wNEPr1X7mkYZuQvW3Lhxmu7KA=="
      },
      "System.Threading.Channels": {
        "type": "Transitive",
        "resolved": "9.0.5",
        "contentHash": "mxPWL9cgQos5PipA/1kg+GdG90HmMycQ077S5mlIWu+V1CGgVbmFiWcKRL+EQPSR8pmW1yVfzGEOrv0IJnrphA=="
      },
      "System.Threading.Tasks.Extensions": {
        "type": "Transitive",
        "resolved": "4.5.4",
        "contentHash": "zteT+G8xuGu6mS+mzDzYXbzS7rd3K6Fjb9RiZlYlJPam2/hU7JCBZBVEcywNuR+oZ1ncTvc/cq0faRr3P01OVg=="
      },
      "literp.core": {
        "type": "Project",
        "dependencies": {
          "Microsoft.Extensions.Http": "[9.0.6, )",
          "Microsoft.Extensions.Options": "[9.0.6, )",
          "Microsoft.SemanticKernel": "[1.58.0, )",
          "Microsoft.SemanticKernel.Connectors.Ollama": "[1.57.0-alpha, )",
          "SixLabors.ImageSharp": "[3.1.11, )"
        }
      }
    },
    "net9.0-windows7.0": {
      "H.NotifyIcon": {
        "type": "Direct",
        "requested": "[2.3.0, )",
        "resolved": "2.3.0",
        "contentHash": "nmxzTPfYzwusJkfTapccqvv2SDQr1cOpIXkPnPiFhmux3X79n+gWkoBuKyA2zyE86FFRVoKfc6TklK0RLCjnRw==",
        "dependencies": {
          "H.GeneratedIcons.System.Drawing": "2.3.0"
        }
      },
      "Markdig": {
        "type": "Direct",
        "requested": "[0.41.3, )",
        "resolved": "0.41.3",
        "contentHash": "i3vSTyGpBGWbJB04aJ3cPJs0T3BV2e1nduW3EUHK/i+xUupYbym75iZPss/XjqhS5JlBErwQYnx7ofK3Zcsozg=="
      },
      "Microsoft.Extensions.FileProviders.Embedded": {
        "type": "Direct",
        "requested": "[9.0.8, )",
        "resolved": "9.0.8",
        "contentHash": "LVm1o08C5eSB+WvhOEtp/cm/I3s7bCoYisTBYKgR3KEfHXkKfvkLPXfg4CNHYkxPqZ4T/XuGENDLtbhDywGFHA==",
        "dependencies": {
          "Microsoft.Extensions.FileProviders.Abstractions": "9.0.8"
        }
      },
      "Serilog.AspNetCore": {
        "type": "Direct",
        "requested": "[9.0.0, )",
        "resolved": "9.0.0",
        "contentHash": "JslDajPlBsn3Pww1554flJFTqROvK9zz9jONNQgn0D8Lx2Trw8L0A8/n6zEQK1DAZWXrJwiVLw8cnTR3YFuYsg==",
        "dependencies": {
          "Serilog": "4.2.0",
          "Serilog.Extensions.Hosting": "9.0.0",
          "Serilog.Formatting.Compact": "3.0.0",
          "Serilog.Settings.Configuration": "9.0.0",
          "Serilog.Sinks.Console": "6.0.0",
          "Serilog.Sinks.Debug": "3.0.0",
          "Serilog.Sinks.File": "6.0.0"
        }
      },
      "Tailwind.MSBuild": {
        "type": "Direct",
        "requested": "[1.1.0, )",
        "resolved": "1.1.0",
        "contentHash": "Yhu5buCOYKMDfxQ76E6Chv8/al6J0n56kAdJzr3UTGg4rLWMv5Gr8UN2cLAqGZMFEpAw26dyc8w5/N/7WpEOKQ=="
      },
      "Azure.AI.OpenAI": {
        "type": "Transitive",
        "resolved": "2.2.0-beta.4",
        "contentHash": "qjCgspdq67x+urifvf7Dkz4tX5HVU3AlF2XUYU/kQBObKQihPsTYSQJ4tiMHEMNjaKRbfHzxnE2vnuhcqUUWCg==",
        "dependencies": {
          "Azure.Core": "1.44.1",
          "OpenAI": "2.2.0-beta.4",
          "System.ClientModel": "1.4.0-beta.1"
        }
      },
      "Azure.Core": {
        "type": "Transitive",
        "resolved": "1.44.1",
        "contentHash": "YyznXLQZCregzHvioip07/BkzjuWNXogJEVz9T5W6TwjNr17ax41YGzYMptlo2G10oLCuVPoyva62y0SIRDixg==",
        "dependencies": {
          "Microsoft.Bcl.AsyncInterfaces": "6.0.0",
          "System.ClientModel": "1.1.0",
          "System.Diagnostics.DiagnosticSource": "6.0.1",
          "System.Memory.Data": "6.0.0",
          "System.Numerics.Vectors": "4.5.0",
          "System.Text.Encodings.Web": "6.0.0",
          "System.Text.Json": "6.0.10",
          "System.Threading.Tasks.Extensions": "4.5.4"
        }
      },
      "H.GeneratedIcons.System.Drawing": {
        "type": "Transitive",
        "resolved": "2.3.0",
        "contentHash": "3iI+3gy0VJNfXpMCJTHDfqOtVPCp4oXz9jlphtnG3s3dWo/jx1y1N6vuFiKdbzKElztPE+W5nM+7KHBEEyr8zg==",
        "dependencies": {
          "System.Drawing.Common": "9.0.1"
        }
      },
      "Microsoft.Bcl.AsyncInterfaces": {
        "type": "Transitive",
        "resolved": "9.0.0",
        "contentHash": "owmu2Cr3IQ8yQiBleBHlGk8dSQ12oaF2e7TpzwJKEl4m84kkZJjEY1n33L67Y3zM5jPOjmmbdHjbfiL0RqcMRQ=="
      },
      "Microsoft.Bcl.HashCode": {
        "type": "Transitive",
        "resolved": "1.1.1",
        "contentHash": "MalY0Y/uM/LjXtHfX/26l2VtN4LDNZ2OE3aumNOHDLsT4fNYy2hiHXI4CXCqKpNUNm7iJ2brrc4J89UdaL56FA=="
      },
      "Microsoft.Extensions.AI": {
        "type": "Transitive",
        "resolved": "9.5.0",
        "contentHash": "RBq/TspXI7UScO5+fHXIrnlDvX8pnvFcHWag3OPPivJgjqmI/RF70dpTPmMIly9dG+z+86kLP2KGkA2UiZ9tVQ==",
        "dependencies": {
          "Microsoft.Extensions.AI.Abstractions": "9.5.0",
          "Microsoft.Extensions.Caching.Abstractions": "9.0.5",
          "Microsoft.Extensions.DependencyInjection.Abstractions": "9.0.5",
          "Microsoft.Extensions.Logging.Abstractions": "9.0.5",
          "System.Diagnostics.DiagnosticSource": "9.0.5",
          "System.Text.Json": "9.0.5",
          "System.Threading.Channels": "9.0.5"
        }
      },
      "Microsoft.Extensions.AI.Abstractions": {
        "type": "Transitive",
        "resolved": "9.5.0",
        "contentHash": "Y46j1S4zOPtLAHCUzhHIm1IhCMr7764754bLYupyc1JZcvLNXjUk+VC7H3Bou20S2hHgDJnfox7X/H/3BYEvzA=="
      },
      "Microsoft.Extensions.AI.OpenAI": {
        "type": "Transitive",
        "resolved": "9.5.0-preview.1.25265.7",
        "contentHash": "htxD19JfZekY2vJSoMJn6lkBlZLcgMm7iK0MZc8pmuVT7FfNP7o+mTS4S0ZUDdBm1YR7NzZfYYjbwFOK/Z1gKg==",
        "dependencies": {
          "Microsoft.Extensions.AI.Abstractions": "9.5.0",
          "OpenAI": "2.2.0-beta.4",
          "System.Memory.Data": "9.0.5",
          "System.Text.Json": "9.0.5"
        }
      },
      "Microsoft.Extensions.Caching.Abstractions": {
        "type": "Transitive",
        "resolved": "9.0.5",
        "contentHash": "RV6wOTvH5BeVRs6cvxFuaV1ut05Dklpvq19XRO1JxAayfLWYIEP7K94aamY0iSUhoehWk1X5H6gMcbZkHuBjew==",
        "dependencies": {
          "Microsoft.Extensions.Primitives": "9.0.5"
        }
      },
      "Microsoft.Extensions.Configuration": {
        "type": "Transitive",
        "resolved": "9.0.6",
        "contentHash": "VWB5jdkxHsRiuoniTqwOL32R4OWyp5If/bAucLjRJczRVNcwb8iCXKLjn3Inv8fv+jHMVMnvQLg7xhSys+y5PA==",
        "dependencies": {
          "Microsoft.Extensions.Configuration.Abstractions": "9.0.6",
          "Microsoft.Extensions.Primitives": "9.0.6"
        }
      },
      "Microsoft.Extensions.Configuration.Abstractions": {
        "type": "Transitive",
        "resolved": "9.0.6",
        "contentHash": "3GgMIi2jP8g1fBW93Z9b9Unamc0SIsgyhiCmC91gq4loTixK9vQMuxxUsfJ1kRGwn+/FqLKwOHqmn0oYWn3Fvw==",
        "dependencies": {
          "Microsoft.Extensions.Primitives": "9.0.6"
        }
      },
      "Microsoft.Extensions.Configuration.Binder": {
        "type": "Transitive",
        "resolved": "9.0.6",
        "contentHash": "Opl/7SIrwDy9WjHn/vU2thQ8CUtrIWHLr+89I7/0VYNEJQvpL24zvqYrh83cH38RzNKHji0WGVkCVP6HJChVVw==",
        "dependencies": {
          "Microsoft.Extensions.Configuration.Abstractions": "9.0.6"
        }
      },
      "Microsoft.Extensions.DependencyInjection": {
        "type": "Transitive",
        "resolved": "9.0.6",
        "contentHash": "vS65HMo5RS10DD543fknsyVDxihMcVxVn3/hNaILgBxWYnOLxWIeCIO9X0QFuCvPRNjClvXe9Aj8KaQNx7vFkQ==",
        "dependencies": {
          "Microsoft.Extensions.DependencyInjection.Abstractions": "9.0.6"
        }
      },
      "Microsoft.Extensions.DependencyInjection.Abstractions": {
        "type": "Transitive",
        "resolved": "9.0.6",
        "contentHash": "0Zn6nR/6g+90MxskZyOOMPQvnPnrrGu6bytPwkV+azDcTtCSuQ1+GJUrg8Klmnrjk1i6zMpw2lXijl+tw7Q3kA=="
      },
      "Microsoft.Extensions.DependencyModel": {
        "type": "Transitive",
        "resolved": "9.0.0",
        "contentHash": "saxr2XzwgDU77LaQfYFXmddEDRUKHF4DaGMZkNB3qjdVSZlax3//dGJagJkKrGMIPNZs2jVFXITyCCR6UHJNdA=="
      },
      "Microsoft.Extensions.Diagnostics": {
        "type": "Transitive",
        "resolved": "9.0.6",
        "contentHash": "mIqCzZseDK9SqTRy4LxtjLwjlUu6aH5UdA6j0vgVER14yki9oRqLF+SmBiF6OlwsBSeL6dMQ8dmq02JMeE2puQ==",
        "dependencies": {
          "Microsoft.Extensions.Configuration": "9.0.6",
          "Microsoft.Extensions.Diagnostics.Abstractions": "9.0.6",
          "Microsoft.Extensions.Options.ConfigurationExtensions": "9.0.6"
        }
      },
      "Microsoft.Extensions.Diagnostics.Abstractions": {
        "type": "Transitive",
        "resolved": "9.0.6",
        "contentHash": "GIoXX7VDcTEsNM6yvffTBaOwnPQELGI5dzExR7L2O7AUkDsHBYIZawUbuwfq3cYzz8dIAAJotQYJMzH7qy27Ng==",
        "dependencies": {
          "Microsoft.Extensions.DependencyInjection.Abstractions": "9.0.6",
          "Microsoft.Extensions.Options": "9.0.6"
        }
      },
      "Microsoft.Extensions.FileProviders.Abstractions": {
        "type": "Transitive",
        "resolved": "9.0.8",
        "contentHash": "4zZbQ4w+hCMm9J+z5NOj3giIPT2MhZxx05HX/MGuAmDBbjOuXlYIIRN+t4V6OLxy5nXZIcXO+dQMB/OWubuDkw==",
        "dependencies": {
          "Microsoft.Extensions.Primitives": "9.0.8"
        }
      },
      "Microsoft.Extensions.Hosting.Abstractions": {
        "type": "Transitive",
        "resolved": "9.0.0",
        "contentHash": "yUKJgu81ExjvqbNWqZKshBbLntZMbMVz/P7Way2SBx7bMqA08Mfdc9O7hWDKAiSp+zPUGT6LKcSCQIPeDK+CCw==",
        "dependencies": {
          "Microsoft.Extensions.Configuration.Abstractions": "9.0.0",
          "Microsoft.Extensions.DependencyInjection.Abstractions": "9.0.0",
          "Microsoft.Extensions.Diagnostics.Abstractions": "9.0.0",
          "Microsoft.Extensions.FileProviders.Abstractions": "9.0.0",
          "Microsoft.Extensions.Logging.Abstractions": "9.0.0"
        }
      },
      "Microsoft.Extensions.Http": {
        "type": "Transitive",
        "resolved": "9.0.6",
        "contentHash": "YoCEkjHHeeKsOzaJaGKuwsi1Ijckkm/+bv5RXmsKA0/qW4veY0eh5lVtkOXxkqQbVRuK3sObhxRM0UeuF6yAgA==",
        "dependencies": {
          "Microsoft.Extensions.Configuration.Abstractions": "9.0.6",
          "Microsoft.Extensions.DependencyInjection.Abstractions": "9.0.6",
          "Microsoft.Extensions.Diagnostics": "9.0.6",
          "Microsoft.Extensions.Logging": "9.0.6",
          "Microsoft.Extensions.Logging.Abstractions": "9.0.6",
          "Microsoft.Extensions.Options": "9.0.6"
        }
      },
      "Microsoft.Extensions.Logging": {
        "type": "Transitive",
        "resolved": "9.0.6",
        "contentHash": "XBzjitTFaQhF8EbJ645vblZezV1p52ePTxKHoVkRidHF11Xkjxg94qr0Rvp2qyxK2vBJ4OIZ41NB15YUyxTGMQ==",
        "dependencies": {
          "Microsoft.Extensions.DependencyInjection": "9.0.6",
          "Microsoft.Extensions.Logging.Abstractions": "9.0.6",
          "Microsoft.Extensions.Options": "9.0.6"
        }
      },
      "Microsoft.Extensions.Logging.Abstractions": {
        "type": "Transitive",
        "resolved": "9.0.6",
        "contentHash": "LFnyBNK7WtFmKdnHu3v0HOYQ8BcjYuy0jdC9pgCJ/rbLKoJEG9/dBzSKMEeeWDbDeoWS0TIxOC8a9CM5ufca3A==",
        "dependencies": {
          "Microsoft.Extensions.DependencyInjection.Abstractions": "9.0.6"
        }
      },
      "Microsoft.Extensions.Options": {
        "type": "Transitive",
        "resolved": "9.0.6",
        "contentHash": "wUPhNM1zsI58Dy10xRdF2+pnsisiUuETg5ZBncyAEEUm/CQ9Q1vmivyUWH8RDbAlqyixf2dJNQ2XZb7HsKUEQw==",
        "dependencies": {
          "Microsoft.Extensions.DependencyInjection.Abstractions": "9.0.6",
          "Microsoft.Extensions.Primitives": "9.0.6"
        }
      },
      "Microsoft.Extensions.Options.ConfigurationExtensions": {
        "type": "Transitive",
        "resolved": "9.0.6",
        "contentHash": "2lnp8nrvfzyp+5zvfeULm/hkZsDsKkl2ziBt5T8EZKoON5q+XRpRLoWcSPo8mP7GNZXpxKMBVjFNIZNbBIcnRw==",
        "dependencies": {
          "Microsoft.Extensions.Configuration.Abstractions": "9.0.6",
          "Microsoft.Extensions.Configuration.Binder": "9.0.6",
          "Microsoft.Extensions.DependencyInjection.Abstractions": "9.0.6",
          "Microsoft.Extensions.Options": "9.0.6",
          "Microsoft.Extensions.Primitives": "9.0.6"
        }
      },
      "Microsoft.Extensions.Primitives": {
        "type": "Transitive",
        "resolved": "9.0.8",
        "contentHash": "tizSIOEsIgSNSSh+hKeUVPK7xmTIjR8s+mJWOu1KXV3htvNQiPMFRMO17OdI1y/4ZApdBVk49u/08QGC9yvLug=="
      },
      "Microsoft.Extensions.VectorData.Abstractions": {
        "type": "Transitive",
        "resolved": "9.6.0",
        "contentHash": "7ZtvjmaTCwkOYZmNU7pQON8v6wfo8HlMkOQeONMhChivSm/etcb0ZPQOnQAkQwR6WeYx4sOHxyiDMii5our5+w==",
        "dependencies": {
          "Microsoft.Extensions.AI.Abstractions": "9.5.0"
        }
      },
      "Microsoft.Net.Compilers.Toolset": {
        "type": "Transitive",
        "resolved": "4.12.0",
        "contentHash": "xXDdIgDfcbMr+2bLzVJHg+/oCHwcYs808TlooX0M9+BVCeHITaROsjdbWSJNdyzeMe/K8iB2NeHmaAOUcqkKWw=="
      },
      "Microsoft.SemanticKernel": {
        "type": "Transitive",
        "resolved": "1.58.0",
        "contentHash": "T7Ft9LzpUKo2PFM7w2cSyjZ653MIYjKl0I6bG5ZYzmmrbV7wD+Dj4+7qd9PhoV+uMHlWNC8znGFxidzkH2MSOg==",
        "dependencies": {
          "Microsoft.SemanticKernel.Connectors.AzureOpenAI": "1.58.0",
          "Microsoft.SemanticKernel.Core": "1.58.0"
        }
      },
      "Microsoft.SemanticKernel.Abstractions": {
        "type": "Transitive",
        "resolved": "1.58.0",
        "contentHash": "Ovl9QxmFaWeWS1BO5gei1CfpNM8dC+l+RyCpGARz2AsuRutwcAZ6IvM01YVq1IfXu5r4suEiB8NTRU9ciza7YA==",
        "dependencies": {
          "Microsoft.Bcl.HashCode": "1.1.1",
          "Microsoft.Extensions.AI": "9.5.0",
          "Microsoft.Extensions.VectorData.Abstractions": "9.6.0"
        }
      },
      "Microsoft.SemanticKernel.Connectors.AzureOpenAI": {
        "type": "Transitive",
        "resolved": "1.58.0",
        "contentHash": "8imta+nytAx9hDJqivt6Iu40+8TGZ+05bqQNkFrUjoHPV4Fu7lexMqhIZWNWp27fGKtm8aDFxJvhbHb9nzxbYA==",
        "dependencies": {
          "Azure.AI.OpenAI": "[2.2.0-beta.4]",
          "Microsoft.SemanticKernel.Connectors.OpenAI": "1.58.0",
          "Microsoft.SemanticKernel.Core": "1.58.0"
        }
      },
      "Microsoft.SemanticKernel.Connectors.Ollama": {
        "type": "Transitive",
        "resolved": "1.57.0-alpha",
        "contentHash": "4WuIOJyt2nA4UC1zT53/8r5KFDT43h27vVoeyqF1xbc/3AtCa8NRKLznZwPWSCXy/xc3qVdSVWidkBn4UvvVDQ==",
        "dependencies": {
          "Microsoft.Net.Compilers.Toolset": "4.12.0",
          "Microsoft.SemanticKernel.Abstractions": "1.57.0",
          "Microsoft.SemanticKernel.Core": "1.57.0",
          "OllamaSharp": "5.1.12"
        }
      },
      "Microsoft.SemanticKernel.Connectors.OpenAI": {
        "type": "Transitive",
        "resolved": "1.58.0",
        "contentHash": "0hH0H9YwnNYUm3kYjBp8IGPVTWIzuP/ivxXG51eDR1kJgEKd2Xxvl7l2gm4jyP3wFuszgD9FeK/xRIX569JtZQ==",
        "dependencies": {
          "Microsoft.Extensions.AI.OpenAI": "9.5.0-preview.1.25265.7",
          "Microsoft.SemanticKernel.Core": "1.58.0",
          "OpenAI": "[2.2.0-beta.4]"
        }
      },
      "Microsoft.SemanticKernel.Core": {
        "type": "Transitive",
        "resolved": "1.58.0",
        "contentHash": "sIhJeVSocqMADHJ4IjyTWCHdHJbOn36yKJoV7wxsqq77ommxqLc0HB5rBKiOdIs0iJsV6suAQSmcBW7HyhGcEg==",
        "dependencies": {
          "Microsoft.Extensions.DependencyInjection": "8.0.1",
          "Microsoft.SemanticKernel.Abstractions": "1.58.0",
          "System.Numerics.Tensors": "9.0.0"
        }
      },
      "Microsoft.Win32.SystemEvents": {
        "type": "Transitive",
        "resolved": "9.0.1",
        "contentHash": "OxjcwJqBW/5A1111+vL9d+5KYTvOzeCTJY9zHZ0kpQI4wX075p6L7inHPSYuf0MGakVjUvaShvw9e9pfbInU2Q=="
      },
      "OllamaSharp": {
        "type": "Transitive",
        "resolved": "5.1.12",
        "contentHash": "r5uhsPYH1jfot36dr3lqpY3visSNNgsPa8p4crh/DMoWeiY0LBrJlTVoVCZXbjU6J6kzSoW8wzMumPEYqgn4gw==",
        "dependencies": {
          "Microsoft.Bcl.AsyncInterfaces": "9.0.0",
          "Microsoft.Extensions.AI.Abstractions": "9.4.0-preview.1.25207.5"
        }
      },
      "OpenAI": {
        "type": "Transitive",
        "resolved": "2.2.0-beta.4",
        "contentHash": "JZ4/mlVXLaXDIZuC4Ddu0KCAA23z4Ax1AQTS26mpJRuSShjXik7DU8a3basY3ddD51W04F7jeX5eAXamKA6rHw==",
        "dependencies": {
          "System.ClientModel": "1.2.1",
          "System.Diagnostics.DiagnosticSource": "6.0.1"
        }
      },
      "Serilog": {
        "type": "Transitive",
        "resolved": "4.2.0",
        "contentHash": "gmoWVOvKgbME8TYR+gwMf7osROiWAURterc6Rt2dQyX7wtjZYpqFiA/pY6ztjGQKKV62GGCyOcmtP1UKMHgSmA=="
      },
      "Serilog.Extensions.Hosting": {
        "type": "Transitive",
        "resolved": "9.0.0",
        "contentHash": "u2TRxuxbjvTAldQn7uaAwePkWxTHIqlgjelekBtilAGL5sYyF3+65NWctN4UrwwGLsDC7c3Vz3HnOlu+PcoxXg==",
        "dependencies": {
          "Microsoft.Extensions.DependencyInjection.Abstractions": "9.0.0",
          "Microsoft.Extensions.Hosting.Abstractions": "9.0.0",
          "Microsoft.Extensions.Logging.Abstractions": "9.0.0",
          "Serilog": "4.2.0",
          "Serilog.Extensions.Logging": "9.0.0"
        }
      },
      "Serilog.Extensions.Logging": {
        "type": "Transitive",
        "resolved": "9.0.0",
        "contentHash": "NwSSYqPJeKNzl5AuXVHpGbr6PkZJFlNa14CdIebVjK3k/76kYj/mz5kiTRNVSsSaxM8kAIa1kpy/qyT9E4npRQ==",
        "dependencies": {
          "Microsoft.Extensions.Logging": "9.0.0",
          "Serilog": "4.2.0"
        }
      },
      "Serilog.Formatting.Compact": {
        "type": "Transitive",
        "resolved": "3.0.0",
        "contentHash": "wQsv14w9cqlfB5FX2MZpNsTawckN4a8dryuNGbebB/3Nh1pXnROHZov3swtu3Nj5oNG7Ba+xdu7Et/ulAUPanQ==",
        "dependencies": {
          "Serilog": "4.0.0"
        }
      },
      "Serilog.Settings.Configuration": {
        "type": "Transitive",
        "resolved": "9.0.0",
        "contentHash": "4/Et4Cqwa+F88l5SeFeNZ4c4Z6dEAIKbu3MaQb2Zz9F/g27T5a3wvfMcmCOaAiACjfUb4A6wrlTVfyYUZk3RRQ==",
        "dependencies": {
          "Microsoft.Extensions.Configuration.Binder": "9.0.0",
          "Microsoft.Extensions.DependencyModel": "9.0.0",
          "Serilog": "4.2.0"
        }
      },
      "Serilog.Sinks.Console": {
        "type": "Transitive",
        "resolved": "6.0.0",
        "contentHash": "fQGWqVMClCP2yEyTXPIinSr5c+CBGUvBybPxjAGcf7ctDhadFhrQw03Mv8rJ07/wR5PDfFjewf2LimvXCDzpbA==",
        "dependencies": {
          "Serilog": "4.0.0"
        }
      },
      "Serilog.Sinks.Debug": {
        "type": "Transitive",
        "resolved": "3.0.0",
        "contentHash": "4BzXcdrgRX7wde9PmHuYd9U6YqycCC28hhpKonK7hx0wb19eiuRj16fPcPSVp0o/Y1ipJuNLYQ00R3q2Zs8FDA==",
        "dependencies": {
          "Serilog": "4.0.0"
        }
      },
      "Serilog.Sinks.File": {
        "type": "Transitive",
        "resolved": "6.0.0",
        "contentHash": "lxjg89Y8gJMmFxVkbZ+qDgjl+T4yC5F7WSLTvA+5q0R04tfKVLRL/EHpYoJ/MEQd2EeCKDuylBIVnAYMotmh2A==",
        "dependencies": {
          "Serilog": "4.0.0"
        }
      },
      "SixLabors.ImageSharp": {
        "type": "Transitive",
        "resolved": "3.1.11",
        "contentHash": "JfPLyigLthuE50yi6tMt7Amrenr/fA31t2CvJyhy/kQmfulIBAqo5T/YFUSRHtuYPXRSaUHygFeh6Qd933EoSw=="
      },
      "System.ClientModel": {
        "type": "Transitive",
        "resolved": "1.4.0-beta.1",
        "contentHash": "ZR0fKC94VS4P80vmxjk7l13/jPBXV0GMoE4jQfkYk8m2YV+dlw8jSC+b6eAfyBz0u+soN4CjhT3OdOC5KHaXxg==",
        "dependencies": {
          "Microsoft.Extensions.Logging.Abstractions": "6.0.0",
          "System.Memory.Data": "6.0.1"
        }
      },
      "System.Diagnostics.DiagnosticSource": {
        "type": "Transitive",
        "resolved": "9.0.5",
        "contentHash": "WoI5or8kY2VxFdDmsaRZ5yaYvvb+4MCyy66eXo79Cy1uMa7qXeGIlYmZx7R9Zy5S4xZjmqvkk2V8L6/vDwAAEA=="
      },
      "System.Drawing.Common": {
        "type": "Transitive",
        "resolved": "9.0.1",
        "contentHash": "TTPkCqSMyMaG8BXlBKYTTJFtLV0SvjjsvgUN598hYgHaX/5B7tdUc2JhQF9vwrYmlzxId+gwFnKYuxQ2XsSz2g==",
        "dependencies": {
          "Microsoft.Win32.SystemEvents": "9.0.1"
        }
      },
      "System.Memory.Data": {
        "type": "Transitive",
        "resolved": "9.0.5",
        "contentHash": "qK9dBegf3wdw2+mqeIXmTJjlMq4sn39wUN+JSagMuCmp/05ZyQLYIZsxlCopChxcgRwqu/+tHXKRaKtzHYlITw=="
      },
      "System.Numerics.Tensors": {
        "type": "Transitive",
        "resolved": "9.0.0",
        "contentHash": "hyJB4UlpAi19Xr9AXzu2NuagKC4lPfHObNMEAA0HmqFz2rX7wKgzeYzO/jM/eBHDhnUGFFEjk5cOoJaxqg5J4A=="
      },
      "System.Numerics.Vectors": {
        "type": "Transitive",
        "resolved": "4.5.0",
        "contentHash": "QQTlPTl06J/iiDbJCiepZ4H//BVraReU4O4EoRw1U02H5TLUIT7xn3GnDp9AXPSlJUDyFs4uWjWafNX6WrAojQ=="
      },
      "System.Runtime.CompilerServices.Unsafe": {
        "type": "Transitive",
        "resolved": "6.0.0",
        "contentHash": "/iUeP3tq1S0XdNNoMz5C9twLSrM/TH+qElHkXWaPvuNOt+99G75NrV0OS2EqHx5wMN7popYjpc8oTjC1y16DLg=="
      },
      "System.Text.Encodings.Web": {
        "type": "Transitive",
        "resolved": "6.0.0",
        "contentHash": "Vg8eB5Tawm1IFqj4TVK1czJX89rhFxJo9ELqc/Eiq0eXy13RK00eubyU6TJE6y+GQXjyV5gSfiewDUZjQgSE0w==",
        "dependencies": {
          "System.Runtime.CompilerServices.Unsafe": "6.0.0"
        }
      },
      "System.Text.Json": {
        "type": "Transitive",
        "resolved": "9.0.5",
        "contentHash": "rnP61ZfloTgPQPe7ecr36loNiGX3g1PocxlKHdY/FUpDSsExKkTxpMAlB4X35wNEPr1X7mkYZuQvW3Lhxmu7KA=="
      },
      "System.Threading.Channels": {
        "type": "Transitive",
        "resolved": "9.0.5",
        "contentHash": "mxPWL9cgQos5PipA/1kg+GdG90HmMycQ077S5mlIWu+V1CGgVbmFiWcKRL+EQPSR8pmW1yVfzGEOrv0IJnrphA=="
      },
      "System.Threading.Tasks.Extensions": {
        "type": "Transitive",
        "resolved": "4.5.4",
        "contentHash": "zteT+G8xuGu6mS+mzDzYXbzS7rd3K6Fjb9RiZlYlJPam2/hU7JCBZBVEcywNuR+oZ1ncTvc/cq0faRr3P01OVg=="
      },
      "literp.core": {
        "type": "Project",
        "dependencies": {
          "Microsoft.Extensions.Http": "[9.0.6, )",
          "Microsoft.Extensions.Options": "[9.0.6, )",
          "Microsoft.SemanticKernel": "[1.58.0, )",
          "Microsoft.SemanticKernel.Connectors.Ollama": "[1.57.0-alpha, )",
          "SixLabors.ImageSharp": "[3.1.11, )"
        }
      }
    }
  }
}